
Microsoft Visual Studio Solution File, Format Version 12.00
# Visual Studio 15
VisualStudioVersion = 15.0.28307.539
MinimumVisualStudioVersion = 10.0.40219.1
Project("{FAE04EC0-301F-11D3-BF4B-00C04F79EFBC}") = "SAM.Gruzinova.DataProvider", "Project.DataProvider\SAM.Gruzinova.DataProvider.csproj", "{84C69863-08CD-4AD9-A138-4901F16A5666}"
EndProject
Project("{FAE04EC0-301F-11D3-BF4B-00C04F79EFBC}") = "SAM.Gruzinova.Logic", "Project.Logic\SAM.Gruzinova.Logic.csproj", "{931D892E-27DF-4018-9786-EBAD81CB95F2}"
EndProject
Project("{FAE04EC0-301F-11D3-BF4B-00C04F79EFBC}") = "SAM.Gruzinova.Model", "Project.Model\SAM.Gruzinova.Model.csproj", "{5DF46616-174E-4714-8CE1-B8927D26BDD5}"
EndProject
Project("{FAE04EC0-301F-11D3-BF4B-00C04F79EFBC}") = "SAM.Gruzinova.UnitTests", "Project.UnitTests\SAM.Gruzinova.UnitTests.csproj", "{1098B4DA-5D94-4305-8865-39233E92C7E2}"
EndProject
Project("{FAE04EC0-301F-11D3-BF4B-00C04F79EFBC}") = "SAM.Gruzinova.Website", "WebApplication6\SAM.Gruzinova.Website.csproj", "{C28E9FEB-D22E-4215-9624-41478C92DE8A}"
	ProjectSection(ProjectDependencies) = postProject
		{931D892E-27DF-4018-9786-EBAD81CB95F2} = {931D892E-27DF-4018-9786-EBAD81CB95F2}
	EndProjectSection
EndProject
Project("{FAE04EC0-301F-11D3-BF4B-00C04F79EFBC}") = "SAM.Gruzinova.IoC", "SAM.Gruzinova.IoC\SAM.Gruzinova.IoC.csproj", "{E77E32F8-3404-46EA-BCF1-C1BAA82AE4A1}"
	ProjectSection(ProjectDependencies) = postProject
		{931D892E-27DF-4018-9786-EBAD81CB95F2} = {931D892E-27DF-4018-9786-EBAD81CB95F2}
		{C28E9FEB-D22E-4215-9624-41478C92DE8A} = {C28E9FEB-D22E-4215-9624-41478C92DE8A}
	EndProjectSection
EndProject
Global
	GlobalSection(SolutionConfigurationPlatforms) = preSolution
		Debug|Any CPU = Debug|Any CPU
		Release|Any CPU = Release|Any CPU
	EndGlobalSection
	GlobalSection(ProjectConfigurationPlatforms) = postSolution
		{84C69863-08CD-4AD9-A138-4901F16A5666}.Debug|Any CPU.ActiveCfg = Debug|Any CPU
		{84C69863-08CD-4AD9-A138-4901F16A5666}.Debug|Any CPU.Build.0 = Debug|Any CPU
		{84C69863-08CD-4AD9-A138-4901F16A5666}.Release|Any CPU.ActiveCfg = Release|Any CPU
		{84C69863-08CD-4AD9-A138-4901F16A5666}.Release|Any CPU.Build.0 = Release|Any CPU
		{931D892E-27DF-4018-9786-EBAD81CB95F2}.Debug|Any CPU.ActiveCfg = Debug|Any CPU
		{931D892E-27DF-4018-9786-EBAD81CB95F2}.Debug|Any CPU.Build.0 = Debug|Any CPU
		{931D892E-27DF-4018-9786-EBAD81CB95F2}.Release|Any CPU.ActiveCfg = Release|Any CPU
		{931D892E-27DF-4018-9786-EBAD81CB95F2}.Release|Any CPU.Build.0 = Release|Any CPU
		{5DF46616-174E-4714-8CE1-B8927D26BDD5}.Debug|Any CPU.ActiveCfg = Debug|Any CPU
		{5DF46616-174E-4714-8CE1-B8927D26BDD5}.Debug|Any CPU.Build.0 = Debug|Any CPU
		{5DF46616-174E-4714-8CE1-B8927D26BDD5}.Release|Any CPU.ActiveCfg = Release|Any CPU
		{5DF46616-174E-4714-8CE1-B8927D26BDD5}.Release|Any CPU.Build.0 = Release|Any CPU
		{1098B4DA-5D94-4305-8865-39233E92C7E2}.Debug|Any CPU.ActiveCfg = Debug|Any CPU
		{1098B4DA-5D94-4305-8865-39233E92C7E2}.Debug|Any CPU.Build.0 = Debug|Any CPU
		{1098B4DA-5D94-4305-8865-39233E92C7E2}.Release|Any CPU.ActiveCfg = Release|Any CPU
		{1098B4DA-5D94-4305-8865-39233E92C7E2}.Release|Any CPU.Build.0 = Release|Any CPU
		{C28E9FEB-D22E-4215-9624-41478C92DE8A}.Debug|Any CPU.ActiveCfg = Debug|Any CPU
		{C28E9FEB-D22E-4215-9624-41478C92DE8A}.Debug|Any CPU.Build.0 = Debug|Any CPU
		{C28E9FEB-D22E-4215-9624-41478C92DE8A}.Release|Any CPU.ActiveCfg = Release|Any CPU
		{C28E9FEB-D22E-4215-9624-41478C92DE8A}.Release|Any CPU.Build.0 = Release|Any CPU
		{E77E32F8-3404-46EA-BCF1-C1BAA82AE4A1}.Debug|Any CPU.ActiveCfg = Debug|Any CPU
		{E77E32F8-3404-46EA-BCF1-C1BAA82AE4A1}.Debug|Any CPU.Build.0 = Debug|Any CPU
		{E77E32F8-3404-46EA-BCF1-C1BAA82AE4A1}.Release|Any CPU.ActiveCfg = Release|Any CPU
		{E77E32F8-3404-46EA-BCF1-C1BAA82AE4A1}.Release|Any CPU.Build.0 = Release|Any CPU
	EndGlobalSection
	GlobalSection(SolutionProperties) = preSolution
		HideSolutionNode = FALSE
	EndGlobalSection
	GlobalSection(ExtensibilityGlobals) = postSolution
		SolutionGuid = {2043D42A-5EF3-4E60-AEC3-CB5778A5AFF6}
	EndGlobalSection
EndGlobal
